
Microsoft Visual Studio Solution File, Format Version 12.00
# Visual Studio Version 17
VisualStudioVersion = 17.10.35027.167
MinimumVisualStudioVersion = 10.0.40219.1
Project("{FAE04EC0-301F-11D3-BF4B-00C04F79EFBC}") = "Project.Service", "Project.Service\Project.Service.csproj", "{012C4733-65BD-45A9-ADDE-5A62914E1AE0}"
EndProject
Project("{FAE04EC0-301F-11D3-BF4B-00C04F79EFBC}") = "Project.MVC", "Project.MVC\Project.MVC.csproj", "{DD6DCFE7-0A9B-4F49-ACA1-E855F87BFFBB}"
EndProject
Global
	GlobalSection(SolutionConfigurationPlatforms) = preSolution
		Debug|Any CPU = Debug|Any CPU
		Release|Any CPU = Release|Any CPU
	EndGlobalSection
	GlobalSection(ProjectConfigurationPlatforms) = postSolution
		{012C4733-65BD-45A9-ADDE-5A62914E1AE0}.Debug|Any CPU.ActiveCfg = Debug|Any CPU
		{012C4733-65BD-45A9-ADDE-5A62914E1AE0}.Debug|Any CPU.Build.0 = Debug|Any CPU
		{012C4733-65BD-45A9-ADDE-5A62914E1AE0}.Release|Any CPU.ActiveCfg = Release|Any CPU
		{012C4733-65BD-45A9-ADDE-5A62914E1AE0}.Release|Any CPU.Build.0 = Release|Any CPU
		{DD6DCFE7-0A9B-4F49-ACA1-E855F87BFFBB}.Debug|Any CPU.ActiveCfg = Debug|Any CPU
		{DD6DCFE7-0A9B-4F49-ACA1-E855F87BFFBB}.Debug|Any CPU.Build.0 = Debug|Any CPU
		{DD6DCFE7-0A9B-4F49-ACA1-E855F87BFFBB}.Release|Any CPU.ActiveCfg = Release|Any CPU
		{DD6DCFE7-0A9B-4F49-ACA1-E855F87BFFBB}.Release|Any CPU.Build.0 = Release|Any CPU
	EndGlobalSection
	GlobalSection(SolutionProperties) = preSolution
		HideSolutionNode = FALSE
	EndGlobalSection
	GlobalSection(ExtensibilityGlobals) = postSolution
		SolutionGuid = {2FD138F0-8CE4-4A58-9734-5310AE7CDD71}
	EndGlobalSection
EndGlobal
